// !$*UTF8*$!
{
	archiveVersion = 1;
	classes = {
	};
	objectVersion = 56;
	objects = {

/* Begin PBXBuildFile section */
		F80048032961850500E6868A /* AttachmentData+CoreDataClass.swift in Sources */ = {isa = PBXBuildFile; fileRef = F80047FF2961850500E6868A /* AttachmentData+CoreDataClass.swift */; };
		F80048042961850500E6868A /* AttachmentData+CoreDataProperties.swift in Sources */ = {isa = PBXBuildFile; fileRef = F80048002961850500E6868A /* AttachmentData+CoreDataProperties.swift */; };
		F80048052961850500E6868A /* StatusData+CoreDataClass.swift in Sources */ = {isa = PBXBuildFile; fileRef = F80048012961850500E6868A /* StatusData+CoreDataClass.swift */; };
		F80048062961850500E6868A /* StatusData+CoreDataProperties.swift in Sources */ = {isa = PBXBuildFile; fileRef = F80048022961850500E6868A /* StatusData+CoreDataProperties.swift */; };
		F80048082961E6DE00E6868A /* StatusDataHandler.swift in Sources */ = {isa = PBXBuildFile; fileRef = F80048072961E6DE00E6868A /* StatusDataHandler.swift */; };
		F800480A2961EA1900E6868A /* AttachmentDataHandler.swift in Sources */ = {isa = PBXBuildFile; fileRef = F80048092961EA1900E6868A /* AttachmentDataHandler.swift */; };
		F8210DCF2966B600001D9973 /* ImageRowAsync.swift in Sources */ = {isa = PBXBuildFile; fileRef = F8210DCE2966B600001D9973 /* ImageRowAsync.swift */; };
		F8210DD52966BB7E001D9973 /* Nuke in Frameworks */ = {isa = PBXBuildFile; productRef = F8210DD42966BB7E001D9973 /* Nuke */; };
		F8210DD72966BB7E001D9973 /* NukeExtensions in Frameworks */ = {isa = PBXBuildFile; productRef = F8210DD62966BB7E001D9973 /* NukeExtensions */; };
		F8210DD92966BB7E001D9973 /* NukeUI in Frameworks */ = {isa = PBXBuildFile; productRef = F8210DD82966BB7E001D9973 /* NukeUI */; };
		F8210DDD2966CF17001D9973 /* StatusData+Status.swift in Sources */ = {isa = PBXBuildFile; fileRef = F8210DDC2966CF17001D9973 /* StatusData+Status.swift */; };
		F8210DDF2966CFC7001D9973 /* AttachmentData+Attachment.swift in Sources */ = {isa = PBXBuildFile; fileRef = F8210DDE2966CFC7001D9973 /* AttachmentData+Attachment.swift */; };
		F8210DE12966D0C4001D9973 /* StatusService.swift in Sources */ = {isa = PBXBuildFile; fileRef = F8210DE02966D0C4001D9973 /* StatusService.swift */; };
		F8210DE52966E160001D9973 /* Color+SystemColors.swift in Sources */ = {isa = PBXBuildFile; fileRef = F8210DE42966E160001D9973 /* Color+SystemColors.swift */; };
		F8210DE72966E1D1001D9973 /* Color+Assets.swift in Sources */ = {isa = PBXBuildFile; fileRef = F8210DE62966E1D1001D9973 /* Color+Assets.swift */; };
		F8210DEA2966E4F9001D9973 /* AnimatePlaceholderModifier.swift in Sources */ = {isa = PBXBuildFile; fileRef = F8210DE92966E4F9001D9973 /* AnimatePlaceholderModifier.swift */; };
		F8341F90295C636C009C8EE6 /* Data+Exif.swift in Sources */ = {isa = PBXBuildFile; fileRef = F8341F8F295C636C009C8EE6 /* Data+Exif.swift */; };
		F83901A6295D8EC000456AE2 /* LabelIcon.swift in Sources */ = {isa = PBXBuildFile; fileRef = F83901A5295D8EC000456AE2 /* LabelIcon.swift */; };
		F85D4971296402DC00751DF7 /* AuthorizationService.swift in Sources */ = {isa = PBXBuildFile; fileRef = F85D4970296402DC00751DF7 /* AuthorizationService.swift */; };
		F85D4973296406E700751DF7 /* BottomRight.swift in Sources */ = {isa = PBXBuildFile; fileRef = F85D4972296406E700751DF7 /* BottomRight.swift */; };
		F85D4975296407F100751DF7 /* TimelineService.swift in Sources */ = {isa = PBXBuildFile; fileRef = F85D4974296407F100751DF7 /* TimelineService.swift */; };
		F85D497729640A5200751DF7 /* ImageRow.swift in Sources */ = {isa = PBXBuildFile; fileRef = F85D497629640A5200751DF7 /* ImageRow.swift */; };
		F85D497929640B9D00751DF7 /* ImagesCarousel.swift in Sources */ = {isa = PBXBuildFile; fileRef = F85D497829640B9D00751DF7 /* ImagesCarousel.swift */; };
		F85D497B29640C8200751DF7 /* UsernameRow.swift in Sources */ = {isa = PBXBuildFile; fileRef = F85D497A29640C8200751DF7 /* UsernameRow.swift */; };
		F85D497D29640D5900751DF7 /* InteractionRow.swift in Sources */ = {isa = PBXBuildFile; fileRef = F85D497C29640D5900751DF7 /* InteractionRow.swift */; };
		F85D497F296416C800751DF7 /* CommentsSection.swift in Sources */ = {isa = PBXBuildFile; fileRef = F85D497E296416C800751DF7 /* CommentsSection.swift */; };
		F85D498329642FAC00751DF7 /* AttachmentData+Comperable.swift in Sources */ = {isa = PBXBuildFile; fileRef = F85D498229642FAC00751DF7 /* AttachmentData+Comperable.swift */; };
		F85D49852964301800751DF7 /* StatusData+Attachments.swift in Sources */ = {isa = PBXBuildFile; fileRef = F85D49842964301800751DF7 /* StatusData+Attachments.swift */; };
		F85D49872964334100751DF7 /* String+Date.swift in Sources */ = {isa = PBXBuildFile; fileRef = F85D49862964334100751DF7 /* String+Date.swift */; };
		F85DBF8F296732E20069BF89 /* FollowersView.swift in Sources */ = {isa = PBXBuildFile; fileRef = F85DBF8E296732E20069BF89 /* FollowersView.swift */; };
		F85DBF912967385F0069BF89 /* FollowingView.swift in Sources */ = {isa = PBXBuildFile; fileRef = F85DBF902967385F0069BF89 /* FollowingView.swift */; };
		F85DBF93296760790069BF89 /* CacheAvatarService.swift in Sources */ = {isa = PBXBuildFile; fileRef = F85DBF92296760790069BF89 /* CacheAvatarService.swift */; };
		F866F6A0296040A8002E8F88 /* ApplicationSettings+CoreDataClass.swift in Sources */ = {isa = PBXBuildFile; fileRef = F866F69E296040A8002E8F88 /* ApplicationSettings+CoreDataClass.swift */; };
		F866F6A1296040A8002E8F88 /* ApplicationSettings+CoreDataProperties.swift in Sources */ = {isa = PBXBuildFile; fileRef = F866F69F296040A8002E8F88 /* ApplicationSettings+CoreDataProperties.swift */; };
		F866F6A329604161002E8F88 /* AccountDataHandler.swift in Sources */ = {isa = PBXBuildFile; fileRef = F866F6A229604161002E8F88 /* AccountDataHandler.swift */; };
		F866F6A529604194002E8F88 /* ApplicationSettingsHandler.swift in Sources */ = {isa = PBXBuildFile; fileRef = F866F6A429604194002E8F88 /* ApplicationSettingsHandler.swift */; };
		F866F6A729604629002E8F88 /* SignInView.swift in Sources */ = {isa = PBXBuildFile; fileRef = F866F6A629604629002E8F88 /* SignInView.swift */; };
		F866F6AA29605AFA002E8F88 /* SceneDelegate.swift in Sources */ = {isa = PBXBuildFile; fileRef = F866F6A929605AFA002E8F88 /* SceneDelegate.swift */; };
		F866F6AE29606367002E8F88 /* ApplicationViewMode.swift in Sources */ = {isa = PBXBuildFile; fileRef = F866F6AD29606367002E8F88 /* ApplicationViewMode.swift */; };
		F86B7214296BFDCE00EE59EC /* UserProfileHeader.swift in Sources */ = {isa = PBXBuildFile; fileRef = F86B7213296BFDCE00EE59EC /* UserProfileHeader.swift */; };
		F86B7216296BFFDA00EE59EC /* UserProfileStatuses.swift in Sources */ = {isa = PBXBuildFile; fileRef = F86B7215296BFFDA00EE59EC /* UserProfileStatuses.swift */; };
		F86B7218296C27C100EE59EC /* ActionButton.swift in Sources */ = {isa = PBXBuildFile; fileRef = F86B7217296C27C100EE59EC /* ActionButton.swift */; };
		F86B721E296C458700EE59EC /* BlurredImage.swift in Sources */ = {isa = PBXBuildFile; fileRef = F86B721D296C458700EE59EC /* BlurredImage.swift */; };
		F86B7221296C49A300EE59EC /* EmptyButtonStyle.swift in Sources */ = {isa = PBXBuildFile; fileRef = F86B7220296C49A300EE59EC /* EmptyButtonStyle.swift */; };
		F86B7223296C4BF500EE59EC /* ContentWarning.swift in Sources */ = {isa = PBXBuildFile; fileRef = F86B7222296C4BF500EE59EC /* ContentWarning.swift */; };
		F88ABD9229686F1C004EF61E /* MemoryCache.swift in Sources */ = {isa = PBXBuildFile; fileRef = F88ABD9129686F1C004EF61E /* MemoryCache.swift */; };
		F88ABD9429687CA4004EF61E /* ComposeView.swift in Sources */ = {isa = PBXBuildFile; fileRef = F88ABD9329687CA4004EF61E /* ComposeView.swift */; };
		F88C246C295C37B80006098B /* VernissageApp.swift in Sources */ = {isa = PBXBuildFile; fileRef = F88C246B295C37B80006098B /* VernissageApp.swift */; };
		F88C246E295C37B80006098B /* MainView.swift in Sources */ = {isa = PBXBuildFile; fileRef = F88C246D295C37B80006098B /* MainView.swift */; };
		F88C2470295C37BB0006098B /* Assets.xcassets in Resources */ = {isa = PBXBuildFile; fileRef = F88C246F295C37BB0006098B /* Assets.xcassets */; };
		F88C2473295C37BB0006098B /* Preview Assets.xcassets in Resources */ = {isa = PBXBuildFile; fileRef = F88C2472295C37BB0006098B /* Preview Assets.xcassets */; };
		F88C2475295C37BB0006098B /* CoreDataHandler.swift in Sources */ = {isa = PBXBuildFile; fileRef = F88C2474295C37BB0006098B /* CoreDataHandler.swift */; };
		F88C2478295C37BB0006098B /* Vernissage.xcdatamodeld in Sources */ = {isa = PBXBuildFile; fileRef = F88C2476295C37BB0006098B /* Vernissage.xcdatamodeld */; };
		F88C2482295C3A4F0006098B /* StatusView.swift in Sources */ = {isa = PBXBuildFile; fileRef = F88C2481295C3A4F0006098B /* StatusView.swift */; };
		F88C2486295C48030006098B /* HTMLFotmattedText.swift in Sources */ = {isa = PBXBuildFile; fileRef = F88C2485295C48030006098B /* HTMLFotmattedText.swift */; };
		F88FAD21295F3944009B20C9 /* HomeFeedView.swift in Sources */ = {isa = PBXBuildFile; fileRef = F88FAD20295F3944009B20C9 /* HomeFeedView.swift */; };
		F88FAD23295F3FC4009B20C9 /* LocalFeedView.swift in Sources */ = {isa = PBXBuildFile; fileRef = F88FAD22295F3FC4009B20C9 /* LocalFeedView.swift */; };
		F88FAD25295F3FF7009B20C9 /* FederatedFeedView.swift in Sources */ = {isa = PBXBuildFile; fileRef = F88FAD24295F3FF7009B20C9 /* FederatedFeedView.swift */; };
		F88FAD27295F400E009B20C9 /* NotificationsView.swift in Sources */ = {isa = PBXBuildFile; fileRef = F88FAD26295F400E009B20C9 /* NotificationsView.swift */; };
		F88FAD2A295F43B8009B20C9 /* AccountData+CoreDataClass.swift in Sources */ = {isa = PBXBuildFile; fileRef = F88FAD28295F43B8009B20C9 /* AccountData+CoreDataClass.swift */; };
		F88FAD2B295F43B8009B20C9 /* AccountData+CoreDataProperties.swift in Sources */ = {isa = PBXBuildFile; fileRef = F88FAD29295F43B8009B20C9 /* AccountData+CoreDataProperties.swift */; };
		F88FAD2D295F4AD7009B20C9 /* ApplicationState.swift in Sources */ = {isa = PBXBuildFile; fileRef = F88FAD2C295F4AD7009B20C9 /* ApplicationState.swift */; };
		F88FAD32295F5029009B20C9 /* RemoteFileService.swift in Sources */ = {isa = PBXBuildFile; fileRef = F88FAD31295F5029009B20C9 /* RemoteFileService.swift */; };
		F897978829681B9C00B22335 /* UserAvatar.swift in Sources */ = {isa = PBXBuildFile; fileRef = F897978729681B9C00B22335 /* UserAvatar.swift */; };
		F897978A2968314A00B22335 /* LoadingIndicator.swift in Sources */ = {isa = PBXBuildFile; fileRef = F89797892968314A00B22335 /* LoadingIndicator.swift */; };
		F897978D2968369600B22335 /* HapticService.swift in Sources */ = {isa = PBXBuildFile; fileRef = F897978C2968369600B22335 /* HapticService.swift */; };
		F897978F29684BCB00B22335 /* LoadingView.swift in Sources */ = {isa = PBXBuildFile; fileRef = F897978E29684BCB00B22335 /* LoadingView.swift */; };
		F8984E4D296B648000A2610F /* UIImage+Blurhash.swift in Sources */ = {isa = PBXBuildFile; fileRef = F8984E4C296B648000A2610F /* UIImage+Blurhash.swift */; };
		F89992C7296D3DF8005994BF /* MastodonKit in Frameworks */ = {isa = PBXBuildFile; productRef = F89992C6296D3DF8005994BF /* MastodonKit */; };
		F89992C9296D6DC7005994BF /* CommentBody.swift in Sources */ = {isa = PBXBuildFile; fileRef = F89992C8296D6DC7005994BF /* CommentBody.swift */; };
		F89992CC296D9231005994BF /* StatusViewModel.swift in Sources */ = {isa = PBXBuildFile; fileRef = F89992CB296D9231005994BF /* StatusViewModel.swift */; };
		F89992CE296D92E7005994BF /* AttachmentViewModel.swift in Sources */ = {isa = PBXBuildFile; fileRef = F89992CD296D92E7005994BF /* AttachmentViewModel.swift */; };
		F89A46DC296EAACE0062125F /* SettingsView.swift in Sources */ = {isa = PBXBuildFile; fileRef = F89A46DB296EAACE0062125F /* SettingsView.swift */; };
		F89A46DE296EABA20062125F /* StatusPlaceholder.swift in Sources */ = {isa = PBXBuildFile; fileRef = F89A46DD296EABA20062125F /* StatusPlaceholder.swift */; };
		F89D6C3F29716E41001DA3D4 /* Theme.swift in Sources */ = {isa = PBXBuildFile; fileRef = F89D6C3E29716E41001DA3D4 /* Theme.swift */; };
		F89D6C4229717FDC001DA3D4 /* AccountsSection.swift in Sources */ = {isa = PBXBuildFile; fileRef = F89D6C4129717FDC001DA3D4 /* AccountsSection.swift */; };
		F89D6C4429718092001DA3D4 /* AccentsSection.swift in Sources */ = {isa = PBXBuildFile; fileRef = F89D6C4329718092001DA3D4 /* AccentsSection.swift */; };
		F89D6C4629718193001DA3D4 /* ThemeSection.swift in Sources */ = {isa = PBXBuildFile; fileRef = F89D6C4529718193001DA3D4 /* ThemeSection.swift */; };
		F8A93D7E2965FD89001D8331 /* UserProfileView.swift in Sources */ = {isa = PBXBuildFile; fileRef = F8A93D7D2965FD89001D8331 /* UserProfileView.swift */; };
		F8A93D802965FED4001D8331 /* AccountService.swift in Sources */ = {isa = PBXBuildFile; fileRef = F8A93D7F2965FED4001D8331 /* AccountService.swift */; };
		F8C14392296AF0B3001FE31D /* String+Exif.swift in Sources */ = {isa = PBXBuildFile; fileRef = F8C14391296AF0B3001FE31D /* String+Exif.swift */; };
		F8C14394296AF21B001FE31D /* Double+Round.swift in Sources */ = {isa = PBXBuildFile; fileRef = F8C14393296AF21B001FE31D /* Double+Round.swift */; };
		F8CC95CE2970761D00C9C2AC /* TintColor.swift in Sources */ = {isa = PBXBuildFile; fileRef = F8CC95CD2970761D00C9C2AC /* TintColor.swift */; };
/* End PBXBuildFile section */

/* Begin PBXFileReference section */
		F80047FF2961850500E6868A /* AttachmentData+CoreDataClass.swift */ = {isa = PBXFileReference; lastKnownFileType = sourcecode.swift; path = "AttachmentData+CoreDataClass.swift"; sourceTree = "<group>"; };
		F80048002961850500E6868A /* AttachmentData+CoreDataProperties.swift */ = {isa = PBXFileReference; lastKnownFileType = sourcecode.swift; path = "AttachmentData+CoreDataProperties.swift"; sourceTree = "<group>"; };
		F80048012961850500E6868A /* StatusData+CoreDataClass.swift */ = {isa = PBXFileReference; lastKnownFileType = sourcecode.swift; path = "StatusData+CoreDataClass.swift"; sourceTree = "<group>"; };
		F80048022961850500E6868A /* StatusData+CoreDataProperties.swift */ = {isa = PBXFileReference; lastKnownFileType = sourcecode.swift; path = "StatusData+CoreDataProperties.swift"; sourceTree = "<group>"; };
		F80048072961E6DE00E6868A /* StatusDataHandler.swift */ = {isa = PBXFileReference; lastKnownFileType = sourcecode.swift; path = StatusDataHandler.swift; sourceTree = "<group>"; };
		F80048092961EA1900E6868A /* AttachmentDataHandler.swift */ = {isa = PBXFileReference; lastKnownFileType = sourcecode.swift; path = AttachmentDataHandler.swift; sourceTree = "<group>"; };
		F8210DCE2966B600001D9973 /* ImageRowAsync.swift */ = {isa = PBXFileReference; lastKnownFileType = sourcecode.swift; path = ImageRowAsync.swift; sourceTree = "<group>"; };
		F8210DDC2966CF17001D9973 /* StatusData+Status.swift */ = {isa = PBXFileReference; lastKnownFileType = sourcecode.swift; path = "StatusData+Status.swift"; sourceTree = "<group>"; };
		F8210DDE2966CFC7001D9973 /* AttachmentData+Attachment.swift */ = {isa = PBXFileReference; lastKnownFileType = sourcecode.swift; path = "AttachmentData+Attachment.swift"; sourceTree = "<group>"; };
		F8210DE02966D0C4001D9973 /* StatusService.swift */ = {isa = PBXFileReference; lastKnownFileType = sourcecode.swift; path = StatusService.swift; sourceTree = "<group>"; };
		F8210DE42966E160001D9973 /* Color+SystemColors.swift */ = {isa = PBXFileReference; lastKnownFileType = sourcecode.swift; path = "Color+SystemColors.swift"; sourceTree = "<group>"; };
		F8210DE62966E1D1001D9973 /* Color+Assets.swift */ = {isa = PBXFileReference; lastKnownFileType = sourcecode.swift; path = "Color+Assets.swift"; sourceTree = "<group>"; };
		F8210DE92966E4F9001D9973 /* AnimatePlaceholderModifier.swift */ = {isa = PBXFileReference; lastKnownFileType = sourcecode.swift; path = AnimatePlaceholderModifier.swift; sourceTree = "<group>"; };
		F8341F8F295C636C009C8EE6 /* Data+Exif.swift */ = {isa = PBXFileReference; lastKnownFileType = sourcecode.swift; path = "Data+Exif.swift"; sourceTree = "<group>"; };
		F83901A5295D8EC000456AE2 /* LabelIcon.swift */ = {isa = PBXFileReference; lastKnownFileType = sourcecode.swift; path = LabelIcon.swift; sourceTree = "<group>"; };
		F85D4970296402DC00751DF7 /* AuthorizationService.swift */ = {isa = PBXFileReference; lastKnownFileType = sourcecode.swift; path = AuthorizationService.swift; sourceTree = "<group>"; };
		F85D4972296406E700751DF7 /* BottomRight.swift */ = {isa = PBXFileReference; lastKnownFileType = sourcecode.swift; path = BottomRight.swift; sourceTree = "<group>"; };
		F85D4974296407F100751DF7 /* TimelineService.swift */ = {isa = PBXFileReference; lastKnownFileType = sourcecode.swift; path = TimelineService.swift; sourceTree = "<group>"; };
		F85D497629640A5200751DF7 /* ImageRow.swift */ = {isa = PBXFileReference; lastKnownFileType = sourcecode.swift; path = ImageRow.swift; sourceTree = "<group>"; };
		F85D497829640B9D00751DF7 /* ImagesCarousel.swift */ = {isa = PBXFileReference; lastKnownFileType = sourcecode.swift; path = ImagesCarousel.swift; sourceTree = "<group>"; };
		F85D497A29640C8200751DF7 /* UsernameRow.swift */ = {isa = PBXFileReference; lastKnownFileType = sourcecode.swift; path = UsernameRow.swift; sourceTree = "<group>"; };
		F85D497C29640D5900751DF7 /* InteractionRow.swift */ = {isa = PBXFileReference; lastKnownFileType = sourcecode.swift; path = InteractionRow.swift; sourceTree = "<group>"; };
		F85D497E296416C800751DF7 /* CommentsSection.swift */ = {isa = PBXFileReference; lastKnownFileType = sourcecode.swift; path = CommentsSection.swift; sourceTree = "<group>"; };
		F85D498229642FAC00751DF7 /* AttachmentData+Comperable.swift */ = {isa = PBXFileReference; lastKnownFileType = sourcecode.swift; path = "AttachmentData+Comperable.swift"; sourceTree = "<group>"; };
		F85D49842964301800751DF7 /* StatusData+Attachments.swift */ = {isa = PBXFileReference; lastKnownFileType = sourcecode.swift; path = "StatusData+Attachments.swift"; sourceTree = "<group>"; };
		F85D49862964334100751DF7 /* String+Date.swift */ = {isa = PBXFileReference; lastKnownFileType = sourcecode.swift; path = "String+Date.swift"; sourceTree = "<group>"; };
		F85DBF8E296732E20069BF89 /* FollowersView.swift */ = {isa = PBXFileReference; lastKnownFileType = sourcecode.swift; path = FollowersView.swift; sourceTree = "<group>"; };
		F85DBF902967385F0069BF89 /* FollowingView.swift */ = {isa = PBXFileReference; lastKnownFileType = sourcecode.swift; path = FollowingView.swift; sourceTree = "<group>"; };
		F85DBF92296760790069BF89 /* CacheAvatarService.swift */ = {isa = PBXFileReference; lastKnownFileType = sourcecode.swift; path = CacheAvatarService.swift; sourceTree = "<group>"; };
		F866F69E296040A8002E8F88 /* ApplicationSettings+CoreDataClass.swift */ = {isa = PBXFileReference; lastKnownFileType = sourcecode.swift; path = "ApplicationSettings+CoreDataClass.swift"; sourceTree = "<group>"; };
		F866F69F296040A8002E8F88 /* ApplicationSettings+CoreDataProperties.swift */ = {isa = PBXFileReference; lastKnownFileType = sourcecode.swift; path = "ApplicationSettings+CoreDataProperties.swift"; sourceTree = "<group>"; };
		F866F6A229604161002E8F88 /* AccountDataHandler.swift */ = {isa = PBXFileReference; lastKnownFileType = sourcecode.swift; path = AccountDataHandler.swift; sourceTree = "<group>"; };
		F866F6A429604194002E8F88 /* ApplicationSettingsHandler.swift */ = {isa = PBXFileReference; lastKnownFileType = sourcecode.swift; path = ApplicationSettingsHandler.swift; sourceTree = "<group>"; };
		F866F6A629604629002E8F88 /* SignInView.swift */ = {isa = PBXFileReference; lastKnownFileType = sourcecode.swift; path = SignInView.swift; sourceTree = "<group>"; };
		F866F6A829604FFF002E8F88 /* Info.plist */ = {isa = PBXFileReference; lastKnownFileType = text.plist; path = Info.plist; sourceTree = "<group>"; };
		F866F6A929605AFA002E8F88 /* SceneDelegate.swift */ = {isa = PBXFileReference; lastKnownFileType = sourcecode.swift; path = SceneDelegate.swift; sourceTree = "<group>"; };
		F866F6AD29606367002E8F88 /* ApplicationViewMode.swift */ = {isa = PBXFileReference; lastKnownFileType = sourcecode.swift; path = ApplicationViewMode.swift; sourceTree = "<group>"; };
		F86728AD296D3CE200475EC9 /* MastodonKit */ = {isa = PBXFileReference; lastKnownFileType = wrapper; path = MastodonKit; sourceTree = "<group>"; };
		F86B7213296BFDCE00EE59EC /* UserProfileHeader.swift */ = {isa = PBXFileReference; lastKnownFileType = sourcecode.swift; path = UserProfileHeader.swift; sourceTree = "<group>"; };
		F86B7215296BFFDA00EE59EC /* UserProfileStatuses.swift */ = {isa = PBXFileReference; lastKnownFileType = sourcecode.swift; path = UserProfileStatuses.swift; sourceTree = "<group>"; };
		F86B7217296C27C100EE59EC /* ActionButton.swift */ = {isa = PBXFileReference; lastKnownFileType = sourcecode.swift; path = ActionButton.swift; sourceTree = "<group>"; };
		F86B721D296C458700EE59EC /* BlurredImage.swift */ = {isa = PBXFileReference; lastKnownFileType = sourcecode.swift; path = BlurredImage.swift; sourceTree = "<group>"; };
		F86B7220296C49A300EE59EC /* EmptyButtonStyle.swift */ = {isa = PBXFileReference; lastKnownFileType = sourcecode.swift; path = EmptyButtonStyle.swift; sourceTree = "<group>"; };
		F86B7222296C4BF500EE59EC /* ContentWarning.swift */ = {isa = PBXFileReference; lastKnownFileType = sourcecode.swift; path = ContentWarning.swift; sourceTree = "<group>"; };
		F88ABD9129686F1C004EF61E /* MemoryCache.swift */ = {isa = PBXFileReference; lastKnownFileType = sourcecode.swift; path = MemoryCache.swift; sourceTree = "<group>"; };
		F88ABD9329687CA4004EF61E /* ComposeView.swift */ = {isa = PBXFileReference; lastKnownFileType = sourcecode.swift; path = ComposeView.swift; sourceTree = "<group>"; };
		F88ABD9529687D4D004EF61E /* README.md */ = {isa = PBXFileReference; lastKnownFileType = net.daringfireball.markdown; path = README.md; sourceTree = "<group>"; };
		F88C2468295C37B80006098B /* Vernissage.app */ = {isa = PBXFileReference; explicitFileType = wrapper.application; includeInIndex = 0; path = Vernissage.app; sourceTree = BUILT_PRODUCTS_DIR; };
		F88C246B295C37B80006098B /* VernissageApp.swift */ = {isa = PBXFileReference; lastKnownFileType = sourcecode.swift; path = VernissageApp.swift; sourceTree = "<group>"; };
		F88C246D295C37B80006098B /* MainView.swift */ = {isa = PBXFileReference; lastKnownFileType = sourcecode.swift; path = MainView.swift; sourceTree = "<group>"; };
		F88C246F295C37BB0006098B /* Assets.xcassets */ = {isa = PBXFileReference; lastKnownFileType = folder.assetcatalog; path = Assets.xcassets; sourceTree = "<group>"; };
		F88C2472295C37BB0006098B /* Preview Assets.xcassets */ = {isa = PBXFileReference; lastKnownFileType = folder.assetcatalog; path = "Preview Assets.xcassets"; sourceTree = "<group>"; };
		F88C2474295C37BB0006098B /* CoreDataHandler.swift */ = {isa = PBXFileReference; lastKnownFileType = sourcecode.swift; path = CoreDataHandler.swift; sourceTree = "<group>"; };
		F88C2477295C37BB0006098B /* Vernissage.xcdatamodel */ = {isa = PBXFileReference; lastKnownFileType = wrapper.xcdatamodel; path = Vernissage.xcdatamodel; sourceTree = "<group>"; };
		F88C2481295C3A4F0006098B /* StatusView.swift */ = {isa = PBXFileReference; lastKnownFileType = sourcecode.swift; path = StatusView.swift; sourceTree = "<group>"; };
		F88C2485295C48030006098B /* HTMLFotmattedText.swift */ = {isa = PBXFileReference; lastKnownFileType = sourcecode.swift; path = HTMLFotmattedText.swift; sourceTree = "<group>"; };
		F88FAD20295F3944009B20C9 /* HomeFeedView.swift */ = {isa = PBXFileReference; lastKnownFileType = sourcecode.swift; path = HomeFeedView.swift; sourceTree = "<group>"; };
		F88FAD22295F3FC4009B20C9 /* LocalFeedView.swift */ = {isa = PBXFileReference; lastKnownFileType = sourcecode.swift; path = LocalFeedView.swift; sourceTree = "<group>"; };
		F88FAD24295F3FF7009B20C9 /* FederatedFeedView.swift */ = {isa = PBXFileReference; lastKnownFileType = sourcecode.swift; path = FederatedFeedView.swift; sourceTree = "<group>"; };
		F88FAD26295F400E009B20C9 /* NotificationsView.swift */ = {isa = PBXFileReference; lastKnownFileType = sourcecode.swift; path = NotificationsView.swift; sourceTree = "<group>"; };
		F88FAD28295F43B8009B20C9 /* AccountData+CoreDataClass.swift */ = {isa = PBXFileReference; lastKnownFileType = sourcecode.swift; path = "AccountData+CoreDataClass.swift"; sourceTree = "<group>"; };
		F88FAD29295F43B8009B20C9 /* AccountData+CoreDataProperties.swift */ = {isa = PBXFileReference; lastKnownFileType = sourcecode.swift; path = "AccountData+CoreDataProperties.swift"; sourceTree = "<group>"; };
		F88FAD2C295F4AD7009B20C9 /* ApplicationState.swift */ = {isa = PBXFileReference; lastKnownFileType = sourcecode.swift; path = ApplicationState.swift; sourceTree = "<group>"; };
		F88FAD31295F5029009B20C9 /* RemoteFileService.swift */ = {isa = PBXFileReference; lastKnownFileType = sourcecode.swift; path = RemoteFileService.swift; sourceTree = "<group>"; };
		F897978729681B9C00B22335 /* UserAvatar.swift */ = {isa = PBXFileReference; lastKnownFileType = sourcecode.swift; path = UserAvatar.swift; sourceTree = "<group>"; };
		F89797892968314A00B22335 /* LoadingIndicator.swift */ = {isa = PBXFileReference; lastKnownFileType = sourcecode.swift; path = LoadingIndicator.swift; sourceTree = "<group>"; };
		F897978C2968369600B22335 /* HapticService.swift */ = {isa = PBXFileReference; lastKnownFileType = sourcecode.swift; path = HapticService.swift; sourceTree = "<group>"; };
		F897978E29684BCB00B22335 /* LoadingView.swift */ = {isa = PBXFileReference; lastKnownFileType = sourcecode.swift; path = LoadingView.swift; sourceTree = "<group>"; };
		F8984E4C296B648000A2610F /* UIImage+Blurhash.swift */ = {isa = PBXFileReference; lastKnownFileType = sourcecode.swift; path = "UIImage+Blurhash.swift"; sourceTree = "<group>"; };
		F89992C8296D6DC7005994BF /* CommentBody.swift */ = {isa = PBXFileReference; lastKnownFileType = sourcecode.swift; path = CommentBody.swift; sourceTree = "<group>"; };
		F89992CB296D9231005994BF /* StatusViewModel.swift */ = {isa = PBXFileReference; lastKnownFileType = sourcecode.swift; path = StatusViewModel.swift; sourceTree = "<group>"; };
		F89992CD296D92E7005994BF /* AttachmentViewModel.swift */ = {isa = PBXFileReference; lastKnownFileType = sourcecode.swift; path = AttachmentViewModel.swift; sourceTree = "<group>"; };
		F89A46DB296EAACE0062125F /* SettingsView.swift */ = {isa = PBXFileReference; lastKnownFileType = sourcecode.swift; path = SettingsView.swift; sourceTree = "<group>"; };
		F89A46DD296EABA20062125F /* StatusPlaceholder.swift */ = {isa = PBXFileReference; lastKnownFileType = sourcecode.swift; path = StatusPlaceholder.swift; sourceTree = "<group>"; };
		F89D6C3B29716DBC001DA3D4 /* Vernissage20230113-001.xcdatamodel */ = {isa = PBXFileReference; lastKnownFileType = wrapper.xcdatamodel; path = "Vernissage20230113-001.xcdatamodel"; sourceTree = "<group>"; };
		F89D6C3E29716E41001DA3D4 /* Theme.swift */ = {isa = PBXFileReference; lastKnownFileType = sourcecode.swift; path = Theme.swift; sourceTree = "<group>"; };
		F89D6C4129717FDC001DA3D4 /* AccountsSection.swift */ = {isa = PBXFileReference; lastKnownFileType = sourcecode.swift; path = AccountsSection.swift; sourceTree = "<group>"; };
		F89D6C4329718092001DA3D4 /* AccentsSection.swift */ = {isa = PBXFileReference; lastKnownFileType = sourcecode.swift; path = AccentsSection.swift; sourceTree = "<group>"; };
		F89D6C4529718193001DA3D4 /* ThemeSection.swift */ = {isa = PBXFileReference; lastKnownFileType = sourcecode.swift; path = ThemeSection.swift; sourceTree = "<group>"; };
		F8A93D7D2965FD89001D8331 /* UserProfileView.swift */ = {isa = PBXFileReference; lastKnownFileType = sourcecode.swift; path = UserProfileView.swift; sourceTree = "<group>"; };
		F8A93D7F2965FED4001D8331 /* AccountService.swift */ = {isa = PBXFileReference; lastKnownFileType = sourcecode.swift; path = AccountService.swift; sourceTree = "<group>"; };
		F8AF2A61297073FE00D2DA3F /* Vernissage20230112-001.xcdatamodel */ = {isa = PBXFileReference; lastKnownFileType = wrapper.xcdatamodel; path = "Vernissage20230112-001.xcdatamodel"; sourceTree = "<group>"; };
		F8C14391296AF0B3001FE31D /* String+Exif.swift */ = {isa = PBXFileReference; lastKnownFileType = sourcecode.swift; path = "String+Exif.swift"; sourceTree = "<group>"; };
		F8C14393296AF21B001FE31D /* Double+Round.swift */ = {isa = PBXFileReference; lastKnownFileType = sourcecode.swift; path = "Double+Round.swift"; sourceTree = "<group>"; };
		F8CC95CD2970761D00C9C2AC /* TintColor.swift */ = {isa = PBXFileReference; lastKnownFileType = sourcecode.swift; path = TintColor.swift; sourceTree = "<group>"; };
/* End PBXFileReference section */

/* Begin PBXFrameworksBuildPhase section */
		F88C2465295C37B80006098B /* Frameworks */ = {
			isa = PBXFrameworksBuildPhase;
			buildActionMask = 2147483647;
			files = (
				F89992C7296D3DF8005994BF /* MastodonKit in Frameworks */,
				F8210DD52966BB7E001D9973 /* Nuke in Frameworks */,
				F8210DD72966BB7E001D9973 /* NukeExtensions in Frameworks */,
				F8210DD92966BB7E001D9973 /* NukeUI in Frameworks */,
			);
			runOnlyForDeploymentPostprocessing = 0;
		};
/* End PBXFrameworksBuildPhase section */

/* Begin PBXGroup section */
		F8210DE82966E4D8001D9973 /* Modifiers */ = {
			isa = PBXGroup;
			children = (
				F8210DE92966E4F9001D9973 /* AnimatePlaceholderModifier.swift */,
			);
			path = Modifiers;
			sourceTree = "<group>";
		};
		F8341F93295C63E2009C8EE6 /* Views */ = {
			isa = PBXGroup;
			children = (
				F88C2481295C3A4F0006098B /* StatusView.swift */,
				F88C246D295C37B80006098B /* MainView.swift */,
				F88FAD20295F3944009B20C9 /* HomeFeedView.swift */,
				F88FAD22295F3FC4009B20C9 /* LocalFeedView.swift */,
				F88FAD24295F3FF7009B20C9 /* FederatedFeedView.swift */,
				F88FAD26295F400E009B20C9 /* NotificationsView.swift */,
				F866F6A629604629002E8F88 /* SignInView.swift */,
				F8A93D7D2965FD89001D8331 /* UserProfileView.swift */,
				F85DBF8E296732E20069BF89 /* FollowersView.swift */,
				F85DBF902967385F0069BF89 /* FollowingView.swift */,
				F897978E29684BCB00B22335 /* LoadingView.swift */,
				F88ABD9329687CA4004EF61E /* ComposeView.swift */,
				F89A46DB296EAACE0062125F /* SettingsView.swift */,
			);
			path = Views;
			sourceTree = "<group>";
		};
		F8341F94295C63FE009C8EE6 /* Extensions */ = {
			isa = PBXGroup;
			children = (
				F8341F8F295C636C009C8EE6 /* Data+Exif.swift */,
				F85D49862964334100751DF7 /* String+Date.swift */,
				F8C14391296AF0B3001FE31D /* String+Exif.swift */,
				F8210DE42966E160001D9973 /* Color+SystemColors.swift */,
				F8210DE62966E1D1001D9973 /* Color+Assets.swift */,
				F8C14393296AF21B001FE31D /* Double+Round.swift */,
				F8984E4C296B648000A2610F /* UIImage+Blurhash.swift */,
			);
			path = Extensions;
			sourceTree = "<group>";
		};
		F8341F95295C640C009C8EE6 /* Models */ = {
			isa = PBXGroup;
			children = (
				F88FAD2C295F4AD7009B20C9 /* ApplicationState.swift */,
				F866F6AD29606367002E8F88 /* ApplicationViewMode.swift */,
				F8CC95CD2970761D00C9C2AC /* TintColor.swift */,
				F89D6C3E29716E41001DA3D4 /* Theme.swift */,
			);
			path = Models;
			sourceTree = "<group>";
		};
		F8341F96295C6427009C8EE6 /* CoreData */ = {
			isa = PBXGroup;
			children = (
				F80047FF2961850500E6868A /* AttachmentData+CoreDataClass.swift */,
				F80048002961850500E6868A /* AttachmentData+CoreDataProperties.swift */,
				F85D498229642FAC00751DF7 /* AttachmentData+Comperable.swift */,
				F8210DDE2966CFC7001D9973 /* AttachmentData+Attachment.swift */,
				F80048012961850500E6868A /* StatusData+CoreDataClass.swift */,
				F80048022961850500E6868A /* StatusData+CoreDataProperties.swift */,
				F85D49842964301800751DF7 /* StatusData+Attachments.swift */,
				F8210DDC2966CF17001D9973 /* StatusData+Status.swift */,
				F866F69E296040A8002E8F88 /* ApplicationSettings+CoreDataClass.swift */,
				F866F69F296040A8002E8F88 /* ApplicationSettings+CoreDataProperties.swift */,
				F88FAD28295F43B8009B20C9 /* AccountData+CoreDataClass.swift */,
				F88FAD29295F43B8009B20C9 /* AccountData+CoreDataProperties.swift */,
				F88C2474295C37BB0006098B /* CoreDataHandler.swift */,
				F866F6A229604161002E8F88 /* AccountDataHandler.swift */,
				F866F6A429604194002E8F88 /* ApplicationSettingsHandler.swift */,
				F80048072961E6DE00E6868A /* StatusDataHandler.swift */,
				F80048092961EA1900E6868A /* AttachmentDataHandler.swift */,
			);
			path = CoreData;
			sourceTree = "<group>";
		};
		F8341F97295C6434009C8EE6 /* Formatters */ = {
			isa = PBXGroup;
			children = (
				F88C2485295C48030006098B /* HTMLFotmattedText.swift */,
			);
			path = Formatters;
			sourceTree = "<group>";
		};
		F83901A2295D863B00456AE2 /* Widgets */ = {
			isa = PBXGroup;
			children = (
				F89D6C4029717FC0001DA3D4 /* SettingsView */,
				F83901A5295D8EC000456AE2 /* LabelIcon.swift */,
				F85D4972296406E700751DF7 /* BottomRight.swift */,
				F85D497629640A5200751DF7 /* ImageRow.swift */,
				F8210DCE2966B600001D9973 /* ImageRowAsync.swift */,
				F85D497829640B9D00751DF7 /* ImagesCarousel.swift */,
				F85D497A29640C8200751DF7 /* UsernameRow.swift */,
				F85D497C29640D5900751DF7 /* InteractionRow.swift */,
				F85D497E296416C800751DF7 /* CommentsSection.swift */,
				F897978729681B9C00B22335 /* UserAvatar.swift */,
				F89797892968314A00B22335 /* LoadingIndicator.swift */,
				F86B7213296BFDCE00EE59EC /* UserProfileHeader.swift */,
				F86B7215296BFFDA00EE59EC /* UserProfileStatuses.swift */,
				F86B7217296C27C100EE59EC /* ActionButton.swift */,
				F86B721D296C458700EE59EC /* BlurredImage.swift */,
				F86B7222296C4BF500EE59EC /* ContentWarning.swift */,
				F89992C8296D6DC7005994BF /* CommentBody.swift */,
				F89A46DD296EABA20062125F /* StatusPlaceholder.swift */,
			);
			path = Widgets;
			sourceTree = "<group>";
		};
		F86B721F296C498B00EE59EC /* Styles */ = {
			isa = PBXGroup;
			children = (
				F86B7220296C49A300EE59EC /* EmptyButtonStyle.swift */,
			);
			path = Styles;
			sourceTree = "<group>";
		};
		F88ABD9029686F00004EF61E /* Cache */ = {
			isa = PBXGroup;
			children = (
				F88ABD9129686F1C004EF61E /* MemoryCache.swift */,
			);
			path = Cache;
			sourceTree = "<group>";
		};
		F88C245F295C37B80006098B = {
			isa = PBXGroup;
			children = (
				F86728AD296D3CE200475EC9 /* MastodonKit */,
				F88ABD9529687D4D004EF61E /* README.md */,
				F88C246A295C37B80006098B /* Vernissage */,
				F88C2469295C37B80006098B /* Products */,
				F89992C5296D3DF8005994BF /* Frameworks */,
			);
			sourceTree = "<group>";
		};
		F88C2469295C37B80006098B /* Products */ = {
			isa = PBXGroup;
			children = (
				F88C2468295C37B80006098B /* Vernissage.app */,
			);
			name = Products;
			sourceTree = "<group>";
		};
		F88C246A295C37B80006098B /* Vernissage */ = {
			isa = PBXGroup;
			children = (
				F866F6A829604FFF002E8F88 /* Info.plist */,
				F89992CA296D9211005994BF /* ViewModels */,
				F86B721F296C498B00EE59EC /* Styles */,
				F88ABD9029686F00004EF61E /* Cache */,
				F897978B2968367E00B22335 /* Haptics */,
				F8210DE82966E4D8001D9973 /* Modifiers */,
				F88FAD30295F5010009B20C9 /* Services */,
				F83901A2295D863B00456AE2 /* Widgets */,
				F8341F97295C6434009C8EE6 /* Formatters */,
				F8341F96295C6427009C8EE6 /* CoreData */,
				F8341F95295C640C009C8EE6 /* Models */,
				F8341F94295C63FE009C8EE6 /* Extensions */,
				F8341F93295C63E2009C8EE6 /* Views */,
				F88C246B295C37B80006098B /* VernissageApp.swift */,
				F866F6A929605AFA002E8F88 /* SceneDelegate.swift */,
				F88C246F295C37BB0006098B /* Assets.xcassets */,
				F88C2476295C37BB0006098B /* Vernissage.xcdatamodeld */,
				F88C2471295C37BB0006098B /* Preview Content */,
			);
			path = Vernissage;
			sourceTree = "<group>";
		};
		F88C2471295C37BB0006098B /* Preview Content */ = {
			isa = PBXGroup;
			children = (
				F88C2472295C37BB0006098B /* Preview Assets.xcassets */,
			);
			path = "Preview Content";
			sourceTree = "<group>";
		};
		F88FAD30295F5010009B20C9 /* Services */ = {
			isa = PBXGroup;
			children = (
				F88FAD31295F5029009B20C9 /* RemoteFileService.swift */,
				F85D4970296402DC00751DF7 /* AuthorizationService.swift */,
				F85D4974296407F100751DF7 /* TimelineService.swift */,
				F8A93D7F2965FED4001D8331 /* AccountService.swift */,
				F8210DE02966D0C4001D9973 /* StatusService.swift */,
				F85DBF92296760790069BF89 /* CacheAvatarService.swift */,
			);
			path = Services;
			sourceTree = "<group>";
		};
		F897978B2968367E00B22335 /* Haptics */ = {
			isa = PBXGroup;
			children = (
				F897978C2968369600B22335 /* HapticService.swift */,
			);
			path = Haptics;
			sourceTree = "<group>";
		};
		F89992C5296D3DF8005994BF /* Frameworks */ = {
			isa = PBXGroup;
			children = (
			);
			name = Frameworks;
			sourceTree = "<group>";
		};
		F89992CA296D9211005994BF /* ViewModels */ = {
			isa = PBXGroup;
			children = (
				F89992CB296D9231005994BF /* StatusViewModel.swift */,
				F89992CD296D92E7005994BF /* AttachmentViewModel.swift */,
			);
			path = ViewModels;
			sourceTree = "<group>";
		};
		F89D6C4029717FC0001DA3D4 /* SettingsView */ = {
			isa = PBXGroup;
			children = (
				F89D6C4129717FDC001DA3D4 /* AccountsSection.swift */,
				F89D6C4329718092001DA3D4 /* AccentsSection.swift */,
				F89D6C4529718193001DA3D4 /* ThemeSection.swift */,
			);
			path = SettingsView;
			sourceTree = "<group>";
		};
/* End PBXGroup section */

/* Begin PBXNativeTarget section */
		F88C2467295C37B80006098B /* Vernissage */ = {
			isa = PBXNativeTarget;
			buildConfigurationList = F88C247B295C37BB0006098B /* Build configuration list for PBXNativeTarget "Vernissage" */;
			buildPhases = (
				F88C2464295C37B80006098B /* Sources */,
				F88C2465295C37B80006098B /* Frameworks */,
				F88C2466295C37B80006098B /* Resources */,
			);
			buildRules = (
			);
			dependencies = (
			);
			name = Vernissage;
			packageProductDependencies = (
				F8210DD42966BB7E001D9973 /* Nuke */,
				F8210DD62966BB7E001D9973 /* NukeExtensions */,
				F8210DD82966BB7E001D9973 /* NukeUI */,
				F89992C6296D3DF8005994BF /* MastodonKit */,
			);
			productName = Vernissage;
			productReference = F88C2468295C37B80006098B /* Vernissage.app */;
			productType = "com.apple.product-type.application";
		};
/* End PBXNativeTarget section */

/* Begin PBXProject section */
		F88C2460295C37B80006098B /* Project object */ = {
			isa = PBXProject;
			attributes = {
				BuildIndependentTargetsInParallel = 1;
				LastSwiftUpdateCheck = 1420;
				LastUpgradeCheck = 1420;
				TargetAttributes = {
					F88C2467295C37B80006098B = {
						CreatedOnToolsVersion = 14.2;
					};
				};
			};
			buildConfigurationList = F88C2463295C37B80006098B /* Build configuration list for PBXProject "Vernissage" */;
			compatibilityVersion = "Xcode 14.0";
			developmentRegion = en;
			hasScannedForEncodings = 0;
			knownRegions = (
				en,
				Base,
			);
			mainGroup = F88C245F295C37B80006098B;
			packageReferences = (
				F8210DD32966BB7E001D9973 /* XCRemoteSwiftPackageReference "Nuke" */,
			);
			productRefGroup = F88C2469295C37B80006098B /* Products */;
			projectDirPath = "";
			projectRoot = "";
			targets = (
				F88C2467295C37B80006098B /* Vernissage */,
			);
		};
/* End PBXProject section */

/* Begin PBXResourcesBuildPhase section */
		F88C2466295C37B80006098B /* Resources */ = {
			isa = PBXResourcesBuildPhase;
			buildActionMask = 2147483647;
			files = (
				F88C2473295C37BB0006098B /* Preview Assets.xcassets in Resources */,
				F88C2470295C37BB0006098B /* Assets.xcassets in Resources */,
			);
			runOnlyForDeploymentPostprocessing = 0;
		};
/* End PBXResourcesBuildPhase section */

/* Begin PBXSourcesBuildPhase section */
		F88C2464295C37B80006098B /* Sources */ = {
			isa = PBXSourcesBuildPhase;
			buildActionMask = 2147483647;
			files = (
				F85D497729640A5200751DF7 /* ImageRow.swift in Sources */,
				F8210DDF2966CFC7001D9973 /* AttachmentData+Attachment.swift in Sources */,
				F89D6C4229717FDC001DA3D4 /* AccountsSection.swift in Sources */,
				F80048082961E6DE00E6868A /* StatusDataHandler.swift in Sources */,
				F866F6A0296040A8002E8F88 /* ApplicationSettings+CoreDataClass.swift in Sources */,
				F8210DEA2966E4F9001D9973 /* AnimatePlaceholderModifier.swift in Sources */,
				F8984E4D296B648000A2610F /* UIImage+Blurhash.swift in Sources */,
				F897978A2968314A00B22335 /* LoadingIndicator.swift in Sources */,
				F8210DE52966E160001D9973 /* Color+SystemColors.swift in Sources */,
				F85DBF93296760790069BF89 /* CacheAvatarService.swift in Sources */,
				F88FAD23295F3FC4009B20C9 /* LocalFeedView.swift in Sources */,
				F88FAD2B295F43B8009B20C9 /* AccountData+CoreDataProperties.swift in Sources */,
				F85D4975296407F100751DF7 /* TimelineService.swift in Sources */,
				F80048062961850500E6868A /* StatusData+CoreDataProperties.swift in Sources */,
				F88FAD21295F3944009B20C9 /* HomeFeedView.swift in Sources */,
				F88C2475295C37BB0006098B /* CoreDataHandler.swift in Sources */,
				F88FAD2A295F43B8009B20C9 /* AccountData+CoreDataClass.swift in Sources */,
				F8210DE12966D0C4001D9973 /* StatusService.swift in Sources */,
				F85DBF8F296732E20069BF89 /* FollowersView.swift in Sources */,
				F85D49872964334100751DF7 /* String+Date.swift in Sources */,
				F897978829681B9C00B22335 /* UserAvatar.swift in Sources */,
				F8210DDD2966CF17001D9973 /* StatusData+Status.swift in Sources */,
				F8210DCF2966B600001D9973 /* ImageRowAsync.swift in Sources */,
				F85D498329642FAC00751DF7 /* AttachmentData+Comperable.swift in Sources */,
				F85D497B29640C8200751DF7 /* UsernameRow.swift in Sources */,
				F89D6C4429718092001DA3D4 /* AccentsSection.swift in Sources */,
				F85D497929640B9D00751DF7 /* ImagesCarousel.swift in Sources */,
				F89D6C3F29716E41001DA3D4 /* Theme.swift in Sources */,
				F8CC95CE2970761D00C9C2AC /* TintColor.swift in Sources */,
				F89992CC296D9231005994BF /* StatusViewModel.swift in Sources */,
				F80048052961850500E6868A /* StatusData+CoreDataClass.swift in Sources */,
				F86B7221296C49A300EE59EC /* EmptyButtonStyle.swift in Sources */,
				F80048042961850500E6868A /* AttachmentData+CoreDataProperties.swift in Sources */,
				F86B7223296C4BF500EE59EC /* ContentWarning.swift in Sources */,
				F83901A6295D8EC000456AE2 /* LabelIcon.swift in Sources */,
				F85DBF912967385F0069BF89 /* FollowingView.swift in Sources */,
				F89992CE296D92E7005994BF /* AttachmentViewModel.swift in Sources */,
				F800480A2961EA1900E6868A /* AttachmentDataHandler.swift in Sources */,
				F80048032961850500E6868A /* AttachmentData+CoreDataClass.swift in Sources */,
				F897978D2968369600B22335 /* HapticService.swift in Sources */,
				F8341F90295C636C009C8EE6 /* Data+Exif.swift in Sources */,
				F8A93D7E2965FD89001D8331 /* UserProfileView.swift in Sources */,
				F88C246E295C37B80006098B /* MainView.swift in Sources */,
				F86B721E296C458700EE59EC /* BlurredImage.swift in Sources */,
				F88C2478295C37BB0006098B /* Vernissage.xcdatamodeld in Sources */,
				F89A46DE296EABA20062125F /* StatusPlaceholder.swift in Sources */,
				F88C2482295C3A4F0006098B /* StatusView.swift in Sources */,
				F866F6A329604161002E8F88 /* AccountDataHandler.swift in Sources */,
				F89D6C4629718193001DA3D4 /* ThemeSection.swift in Sources */,
				F85D497F296416C800751DF7 /* CommentsSection.swift in Sources */,
				F88C2486295C48030006098B /* HTMLFotmattedText.swift in Sources */,
				F866F6A529604194002E8F88 /* ApplicationSettingsHandler.swift in Sources */,
				F88ABD9229686F1C004EF61E /* MemoryCache.swift in Sources */,
				F85D49852964301800751DF7 /* StatusData+Attachments.swift in Sources */,
				F8210DE72966E1D1001D9973 /* Color+Assets.swift in Sources */,
				F88ABD9429687CA4004EF61E /* ComposeView.swift in Sources */,
				F86B7214296BFDCE00EE59EC /* UserProfileHeader.swift in Sources */,
				F85D497D29640D5900751DF7 /* InteractionRow.swift in Sources */,
				F866F6A729604629002E8F88 /* SignInView.swift in Sources */,
				F8C14392296AF0B3001FE31D /* String+Exif.swift in Sources */,
				F88C246C295C37B80006098B /* VernissageApp.swift in Sources */,
				F85D4971296402DC00751DF7 /* AuthorizationService.swift in Sources */,
				F88FAD25295F3FF7009B20C9 /* FederatedFeedView.swift in Sources */,
				F88FAD32295F5029009B20C9 /* RemoteFileService.swift in Sources */,
				F88FAD27295F400E009B20C9 /* NotificationsView.swift in Sources */,
				F86B7216296BFFDA00EE59EC /* UserProfileStatuses.swift in Sources */,
				F897978F29684BCB00B22335 /* LoadingView.swift in Sources */,
				F89992C9296D6DC7005994BF /* CommentBody.swift in Sources */,
				F88FAD2D295F4AD7009B20C9 /* ApplicationState.swift in Sources */,
				F866F6A1296040A8002E8F88 /* ApplicationSettings+CoreDataProperties.swift in Sources */,
				F8C14394296AF21B001FE31D /* Double+Round.swift in Sources */,
				F89A46DC296EAACE0062125F /* SettingsView.swift in Sources */,
				F866F6AE29606367002E8F88 /* ApplicationViewMode.swift in Sources */,
				F8A93D802965FED4001D8331 /* AccountService.swift in Sources */,
				F866F6AA29605AFA002E8F88 /* SceneDelegate.swift in Sources */,
				F85D4973296406E700751DF7 /* BottomRight.swift in Sources */,
				F86B7218296C27C100EE59EC /* ActionButton.swift in Sources */,
			);
			runOnlyForDeploymentPostprocessing = 0;
		};
/* End PBXSourcesBuildPhase section */

/* Begin XCBuildConfiguration section */
		F88C2479295C37BB0006098B /* Debug */ = {
			isa = XCBuildConfiguration;
			buildSettings = {
				ALWAYS_SEARCH_USER_PATHS = NO;
				CLANG_ANALYZER_NONNULL = YES;
				CLANG_ANALYZER_NUMBER_OBJECT_CONVERSION = YES_AGGRESSIVE;
				CLANG_CXX_LANGUAGE_STANDARD = "gnu++20";
				CLANG_ENABLE_MODULES = YES;
				CLANG_ENABLE_OBJC_ARC = YES;
				CLANG_ENABLE_OBJC_WEAK = YES;
				CLANG_WARN_BLOCK_CAPTURE_AUTORELEASING = YES;
				CLANG_WARN_BOOL_CONVERSION = YES;
				CLANG_WARN_COMMA = YES;
				CLANG_WARN_CONSTANT_CONVERSION = YES;
				CLANG_WARN_DEPRECATED_OBJC_IMPLEMENTATIONS = YES;
				CLANG_WARN_DIRECT_OBJC_ISA_USAGE = YES_ERROR;
				CLANG_WARN_DOCUMENTATION_COMMENTS = YES;
				CLANG_WARN_EMPTY_BODY = YES;
				CLANG_WARN_ENUM_CONVERSION = YES;
				CLANG_WARN_INFINITE_RECURSION = YES;
				CLANG_WARN_INT_CONVERSION = YES;
				CLANG_WARN_NON_LITERAL_NULL_CONVERSION = YES;
				CLANG_WARN_OBJC_IMPLICIT_RETAIN_SELF = YES;
				CLANG_WARN_OBJC_LITERAL_CONVERSION = YES;
				CLANG_WARN_OBJC_ROOT_CLASS = YES_ERROR;
				CLANG_WARN_QUOTED_INCLUDE_IN_FRAMEWORK_HEADER = YES;
				CLANG_WARN_RANGE_LOOP_ANALYSIS = YES;
				CLANG_WARN_STRICT_PROTOTYPES = YES;
				CLANG_WARN_SUSPICIOUS_MOVE = YES;
				CLANG_WARN_UNGUARDED_AVAILABILITY = YES_AGGRESSIVE;
				CLANG_WARN_UNREACHABLE_CODE = YES;
				CLANG_WARN__DUPLICATE_METHOD_MATCH = YES;
				COPY_PHASE_STRIP = NO;
				DEBUG_INFORMATION_FORMAT = dwarf;
				ENABLE_STRICT_OBJC_MSGSEND = YES;
				ENABLE_TESTABILITY = YES;
				GCC_C_LANGUAGE_STANDARD = gnu11;
				GCC_DYNAMIC_NO_PIC = NO;
				GCC_NO_COMMON_BLOCKS = YES;
				GCC_OPTIMIZATION_LEVEL = 0;
				GCC_PREPROCESSOR_DEFINITIONS = (
					"DEBUG=1",
					"$(inherited)",
				);
				GCC_WARN_64_TO_32_BIT_CONVERSION = YES;
				GCC_WARN_ABOUT_RETURN_TYPE = YES_ERROR;
				GCC_WARN_UNDECLARED_SELECTOR = YES;
				GCC_WARN_UNINITIALIZED_AUTOS = YES_AGGRESSIVE;
				GCC_WARN_UNUSED_FUNCTION = YES;
				GCC_WARN_UNUSED_VARIABLE = YES;
				IPHONEOS_DEPLOYMENT_TARGET = 16.2;
				MTL_ENABLE_DEBUG_INFO = INCLUDE_SOURCE;
				MTL_FAST_MATH = YES;
				ONLY_ACTIVE_ARCH = YES;
				SDKROOT = iphoneos;
				SWIFT_ACTIVE_COMPILATION_CONDITIONS = DEBUG;
				SWIFT_OPTIMIZATION_LEVEL = "-Onone";
			};
			name = Debug;
		};
		F88C247A295C37BB0006098B /* Release */ = {
			isa = XCBuildConfiguration;
			buildSettings = {
				ALWAYS_SEARCH_USER_PATHS = NO;
				CLANG_ANALYZER_NONNULL = YES;
				CLANG_ANALYZER_NUMBER_OBJECT_CONVERSION = YES_AGGRESSIVE;
				CLANG_CXX_LANGUAGE_STANDARD = "gnu++20";
				CLANG_ENABLE_MODULES = YES;
				CLANG_ENABLE_OBJC_ARC = YES;
				CLANG_ENABLE_OBJC_WEAK = YES;
				CLANG_WARN_BLOCK_CAPTURE_AUTORELEASING = YES;
				CLANG_WARN_BOOL_CONVERSION = YES;
				CLANG_WARN_COMMA = YES;
				CLANG_WARN_CONSTANT_CONVERSION = YES;
				CLANG_WARN_DEPRECATED_OBJC_IMPLEMENTATIONS = YES;
				CLANG_WARN_DIRECT_OBJC_ISA_USAGE = YES_ERROR;
				CLANG_WARN_DOCUMENTATION_COMMENTS = YES;
				CLANG_WARN_EMPTY_BODY = YES;
				CLANG_WARN_ENUM_CONVERSION = YES;
				CLANG_WARN_INFINITE_RECURSION = YES;
				CLANG_WARN_INT_CONVERSION = YES;
				CLANG_WARN_NON_LITERAL_NULL_CONVERSION = YES;
				CLANG_WARN_OBJC_IMPLICIT_RETAIN_SELF = YES;
				CLANG_WARN_OBJC_LITERAL_CONVERSION = YES;
				CLANG_WARN_OBJC_ROOT_CLASS = YES_ERROR;
				CLANG_WARN_QUOTED_INCLUDE_IN_FRAMEWORK_HEADER = YES;
				CLANG_WARN_RANGE_LOOP_ANALYSIS = YES;
				CLANG_WARN_STRICT_PROTOTYPES = YES;
				CLANG_WARN_SUSPICIOUS_MOVE = YES;
				CLANG_WARN_UNGUARDED_AVAILABILITY = YES_AGGRESSIVE;
				CLANG_WARN_UNREACHABLE_CODE = YES;
				CLANG_WARN__DUPLICATE_METHOD_MATCH = YES;
				COPY_PHASE_STRIP = NO;
				DEBUG_INFORMATION_FORMAT = "dwarf-with-dsym";
				ENABLE_NS_ASSERTIONS = NO;
				ENABLE_STRICT_OBJC_MSGSEND = YES;
				GCC_C_LANGUAGE_STANDARD = gnu11;
				GCC_NO_COMMON_BLOCKS = YES;
				GCC_WARN_64_TO_32_BIT_CONVERSION = YES;
				GCC_WARN_ABOUT_RETURN_TYPE = YES_ERROR;
				GCC_WARN_UNDECLARED_SELECTOR = YES;
				GCC_WARN_UNINITIALIZED_AUTOS = YES_AGGRESSIVE;
				GCC_WARN_UNUSED_FUNCTION = YES;
				GCC_WARN_UNUSED_VARIABLE = YES;
				IPHONEOS_DEPLOYMENT_TARGET = 16.2;
				MTL_ENABLE_DEBUG_INFO = NO;
				MTL_FAST_MATH = YES;
				SDKROOT = iphoneos;
				SWIFT_COMPILATION_MODE = wholemodule;
				SWIFT_OPTIMIZATION_LEVEL = "-O";
				VALIDATE_PRODUCT = YES;
			};
			name = Release;
		};
		F88C247C295C37BB0006098B /* Debug */ = {
			isa = XCBuildConfiguration;
			buildSettings = {
				ASSETCATALOG_COMPILER_APPICON_NAME = AppIcon;
				ASSETCATALOG_COMPILER_GLOBAL_ACCENT_COLOR_NAME = AccentColor;
				CODE_SIGN_STYLE = Automatic;
				CURRENT_PROJECT_VERSION = 1;
				DEVELOPMENT_ASSET_PATHS = "\"Vernissage/Preview Content\"";
				DEVELOPMENT_TEAM = B2U9FEKYP8;
				ENABLE_PREVIEWS = YES;
				GENERATE_INFOPLIST_FILE = YES;
				INFOPLIST_FILE = Vernissage/Info.plist;
				INFOPLIST_KEY_UIApplicationSceneManifest_Generation = YES;
				INFOPLIST_KEY_UIApplicationSupportsIndirectInputEvents = YES;
				INFOPLIST_KEY_UILaunchScreen_Generation = YES;
				INFOPLIST_KEY_UISupportedInterfaceOrientations = UIInterfaceOrientationPortrait;
				INFOPLIST_KEY_UISupportedInterfaceOrientations_iPad = "UIInterfaceOrientationLandscapeLeft UIInterfaceOrientationLandscapeRight UIInterfaceOrientationPortrait UIInterfaceOrientationPortraitUpsideDown";
				IPHONEOS_DEPLOYMENT_TARGET = 16.0;
				LD_RUNPATH_SEARCH_PATHS = (
					"$(inherited)",
					"@executable_path/Frameworks",
				);
				MARKETING_VERSION = 1.0;
				PRODUCT_BUNDLE_IDENTIFIER = dev.mczachurski.Vernissage;
				PRODUCT_NAME = "$(TARGET_NAME)";
				SUPPORTED_PLATFORMS = "iphoneos iphonesimulator";
				SUPPORTS_MACCATALYST = NO;
				SUPPORTS_MAC_DESIGNED_FOR_IPHONE_IPAD = NO;
				SWIFT_EMIT_LOC_STRINGS = YES;
				SWIFT_VERSION = 5.0;
				TARGETED_DEVICE_FAMILY = 1;
			};
			name = Debug;
		};
		F88C247D295C37BB0006098B /* Release */ = {
			isa = XCBuildConfiguration;
			buildSettings = {
				ASSETCATALOG_COMPILER_APPICON_NAME = AppIcon;
				ASSETCATALOG_COMPILER_GLOBAL_ACCENT_COLOR_NAME = AccentColor;
				CODE_SIGN_STYLE = Automatic;
				CURRENT_PROJECT_VERSION = 1;
				DEVELOPMENT_ASSET_PATHS = "\"Vernissage/Preview Content\"";
				DEVELOPMENT_TEAM = B2U9FEKYP8;
				ENABLE_PREVIEWS = YES;
				GENERATE_INFOPLIST_FILE = YES;
				INFOPLIST_FILE = Vernissage/Info.plist;
				INFOPLIST_KEY_UIApplicationSceneManifest_Generation = YES;
				INFOPLIST_KEY_UIApplicationSupportsIndirectInputEvents = YES;
				INFOPLIST_KEY_UILaunchScreen_Generation = YES;
				INFOPLIST_KEY_UISupportedInterfaceOrientations = UIInterfaceOrientationPortrait;
				INFOPLIST_KEY_UISupportedInterfaceOrientations_iPad = "UIInterfaceOrientationLandscapeLeft UIInterfaceOrientationLandscapeRight UIInterfaceOrientationPortrait UIInterfaceOrientationPortraitUpsideDown";
				IPHONEOS_DEPLOYMENT_TARGET = 16.0;
				LD_RUNPATH_SEARCH_PATHS = (
					"$(inherited)",
					"@executable_path/Frameworks",
				);
				MARKETING_VERSION = 1.0;
				PRODUCT_BUNDLE_IDENTIFIER = dev.mczachurski.Vernissage;
				PRODUCT_NAME = "$(TARGET_NAME)";
				SUPPORTED_PLATFORMS = "iphoneos iphonesimulator";
				SUPPORTS_MACCATALYST = NO;
				SUPPORTS_MAC_DESIGNED_FOR_IPHONE_IPAD = NO;
				SWIFT_EMIT_LOC_STRINGS = YES;
				SWIFT_VERSION = 5.0;
				TARGETED_DEVICE_FAMILY = 1;
			};
			name = Release;
		};
/* End XCBuildConfiguration section */

/* Begin XCConfigurationList section */
		F88C2463295C37B80006098B /* Build configuration list for PBXProject "Vernissage" */ = {
			isa = XCConfigurationList;
			buildConfigurations = (
				F88C2479295C37BB0006098B /* Debug */,
				F88C247A295C37BB0006098B /* Release */,
			);
			defaultConfigurationIsVisible = 0;
			defaultConfigurationName = Release;
		};
		F88C247B295C37BB0006098B /* Build configuration list for PBXNativeTarget "Vernissage" */ = {
			isa = XCConfigurationList;
			buildConfigurations = (
				F88C247C295C37BB0006098B /* Debug */,
				F88C247D295C37BB0006098B /* Release */,
			);
			defaultConfigurationIsVisible = 0;
			defaultConfigurationName = Release;
		};
/* End XCConfigurationList section */

/* Begin XCRemoteSwiftPackageReference section */
		F8210DD32966BB7E001D9973 /* XCRemoteSwiftPackageReference "Nuke" */ = {
			isa = XCRemoteSwiftPackageReference;
			repositoryURL = "https://github.com/kean/Nuke";
			requirement = {
				kind = upToNextMajorVersion;
				minimumVersion = 11.5.3;
			};
		};
/* End XCRemoteSwiftPackageReference section */

/* Begin XCSwiftPackageProductDependency section */
		F8210DD42966BB7E001D9973 /* Nuke */ = {
			isa = XCSwiftPackageProductDependency;
			package = F8210DD32966BB7E001D9973 /* XCRemoteSwiftPackageReference "Nuke" */;
			productName = Nuke;
		};
		F8210DD62966BB7E001D9973 /* NukeExtensions */ = {
			isa = XCSwiftPackageProductDependency;
			package = F8210DD32966BB7E001D9973 /* XCRemoteSwiftPackageReference "Nuke" */;
			productName = NukeExtensions;
		};
		F8210DD82966BB7E001D9973 /* NukeUI */ = {
			isa = XCSwiftPackageProductDependency;
			package = F8210DD32966BB7E001D9973 /* XCRemoteSwiftPackageReference "Nuke" */;
			productName = NukeUI;
		};
		F89992C6296D3DF8005994BF /* MastodonKit */ = {
			isa = XCSwiftPackageProductDependency;
			productName = MastodonKit;
		};
/* End XCSwiftPackageProductDependency section */

/* Begin XCVersionGroup section */
		F88C2476295C37BB0006098B /* Vernissage.xcdatamodeld */ = {
			isa = XCVersionGroup;
			children = (
				F89D6C3B29716DBC001DA3D4 /* Vernissage20230113-001.xcdatamodel */,
				F8AF2A61297073FE00D2DA3F /* Vernissage20230112-001.xcdatamodel */,
				F88C2477295C37BB0006098B /* Vernissage.xcdatamodel */,
			);
			currentVersion = F89D6C3B29716DBC001DA3D4 /* Vernissage20230113-001.xcdatamodel */;
			path = Vernissage.xcdatamodeld;
			sourceTree = "<group>";
			versionGroupType = wrapper.xcdatamodel;
		};
/* End XCVersionGroup section */
	};
	rootObject = F88C2460295C37B80006098B /* Project object */;
}
